
Microsoft Visual Studio Solution File, Format Version 12.00
# Visual Studio Version 17
VisualStudioVersion = 17.9.34616.47
MinimumVisualStudioVersion = 10.0.40219.1
Project("{FAE04EC0-301F-11D3-BF4B-00C04F79EFBC}") = "TicketingSystem.API", "TicketingSystem.API\TicketingSystem.API.csproj", "{A7351CBE-AD5F-455F-9532-676AD427F093}"
EndProject
Project("{FAE04EC0-301F-11D3-BF4B-00C04F79EFBC}") = "TicketingSystem.Domain", "TicketingSystem.Domain\TicketingSystem.Domain.csproj", "{17658DAB-32DD-4176-BF20-51A630DC09F3}"
EndProject
Project("{FAE04EC0-301F-11D3-BF4B-00C04F79EFBC}") = "TicketingSystem.Infrastructure", "TicketingSystem.Infrastructure\TicketingSystem.Infrastructure.csproj", "{0FC65014-14E0-4BCA-A25D-C94DA3BBE0B7}"
EndProject
Project("{FAE04EC0-301F-11D3-BF4B-00C04F79EFBC}") = "TicketingSystem.Application", "TicketingSystem.Application\TicketingSystem.Application.csproj", "{8C118332-FD6B-4C97-978B-BFE8712A13E8}"
EndProject
Global
	GlobalSection(SolutionConfigurationPlatforms) = preSolution
		Debug|Any CPU = Debug|Any CPU
		Release|Any CPU = Release|Any CPU
	EndGlobalSection
	GlobalSection(ProjectConfigurationPlatforms) = postSolution
		{A7351CBE-AD5F-455F-9532-676AD427F093}.Debug|Any CPU.ActiveCfg = Debug|Any CPU
		{A7351CBE-AD5F-455F-9532-676AD427F093}.Debug|Any CPU.Build.0 = Debug|Any CPU
		{A7351CBE-AD5F-455F-9532-676AD427F093}.Release|Any CPU.ActiveCfg = Release|Any CPU
		{A7351CBE-AD5F-455F-9532-676AD427F093}.Release|Any CPU.Build.0 = Release|Any CPU
		{17658DAB-32DD-4176-BF20-51A630DC09F3}.Debug|Any CPU.ActiveCfg = Debug|Any CPU
		{17658DAB-32DD-4176-BF20-51A630DC09F3}.Debug|Any CPU.Build.0 = Debug|Any CPU
		{17658DAB-32DD-4176-BF20-51A630DC09F3}.Release|Any CPU.ActiveCfg = Release|Any CPU
		{17658DAB-32DD-4176-BF20-51A630DC09F3}.Release|Any CPU.Build.0 = Release|Any CPU
		{0FC65014-14E0-4BCA-A25D-C94DA3BBE0B7}.Debug|Any CPU.ActiveCfg = Debug|Any CPU
		{0FC65014-14E0-4BCA-A25D-C94DA3BBE0B7}.Debug|Any CPU.Build.0 = Debug|Any CPU
		{0FC65014-14E0-4BCA-A25D-C94DA3BBE0B7}.Release|Any CPU.ActiveCfg = Release|Any CPU
		{0FC65014-14E0-4BCA-A25D-C94DA3BBE0B7}.Release|Any CPU.Build.0 = Release|Any CPU
		{8C118332-FD6B-4C97-978B-BFE8712A13E8}.Debug|Any CPU.ActiveCfg = Debug|Any CPU
		{8C118332-FD6B-4C97-978B-BFE8712A13E8}.Debug|Any CPU.Build.0 = Debug|Any CPU
		{8C118332-FD6B-4C97-978B-BFE8712A13E8}.Release|Any CPU.ActiveCfg = Release|Any CPU
		{8C118332-FD6B-4C97-978B-BFE8712A13E8}.Release|Any CPU.Build.0 = Release|Any CPU
	EndGlobalSection
	GlobalSection(SolutionProperties) = preSolution
		HideSolutionNode = FALSE
	EndGlobalSection
	GlobalSection(ExtensibilityGlobals) = postSolution
		SolutionGuid = {18FE0C10-44F7-428C-9D5D-D7FD8DF0548F}
	EndGlobalSection
EndGlobal
